
Microsoft Visual Studio Solution File, Format Version 12.00
# Visual Studio Version 16
VisualStudioVersion = 16.0.33130.400
MinimumVisualStudioVersion = 10.0.40219.1
Project("{FAE04EC0-301F-11D3-BF4B-00C04F79EFBC}") = "CtlElipse", "CtlElipse\CtlElipse.csproj", "{BCBFD642-08D7-4766-9C2C-0A11CEB5155A}"
EndProject
Global
	GlobalSection(SolutionConfigurationPlatforms) = preSolution
		Debug|Any CPU = Debug|Any CPU
		Release|Any CPU = Release|Any CPU
	EndGlobalSection
	GlobalSection(ProjectConfigurationPlatforms) = postSolution
		{BCBFD642-08D7-4766-9C2C-0A11CEB5155A}.Debug|Any CPU.ActiveCfg = Debug|Any CPU
		{BCBFD642-08D7-4766-9C2C-0A11CEB5155A}.Debug|Any CPU.Build.0 = Debug|Any CPU
		{BCBFD642-08D7-4766-9C2C-0A11CEB5155A}.Release|Any CPU.ActiveCfg = Release|Any CPU
		{BCBFD642-08D7-4766-9C2C-0A11CEB5155A}.Release|Any CPU.Build.0 = Release|Any CPU
	EndGlobalSection
	GlobalSection(SolutionProperties) = preSolution
		HideSolutionNode = FALSE
	EndGlobalSection
	GlobalSection(ExtensibilityGlobals) = postSolution
		SolutionGuid = {759454D7-4F88-403F-82F9-0484FF059CFA}
	EndGlobalSection
EndGlobal
